
Microsoft Visual Studio Solution File, Format Version 12.00
# Visual Studio Version 17
VisualStudioVersion = 17.1.32210.238
MinimumVisualStudioVersion = 10.0.40219.1
Project("{9A19103F-16F7-4668-BE54-9A1E7A4F7556}") = "BFW_Uebungen_Semester_1", "BFW_Uebungen_Semester_1\BFW_Uebungen_Semester_1.csproj", "{24461C5B-DED6-4009-BFE7-2D01DC44FDE9}"
EndProject
Project("{FAE04EC0-301F-11D3-BF4B-00C04F79EFBC}") = "Weitere Übungsaufgaben", "Weitere Übungsaufgaben\Weitere Übungsaufgaben.csproj", "{5A9DB3F6-4449-4B8D-B8C4-E8B8A1951182}"
EndProject
Global
	GlobalSection(SolutionConfigurationPlatforms) = preSolution
		Debug|Any CPU = Debug|Any CPU
		Release|Any CPU = Release|Any CPU
	EndGlobalSection
	GlobalSection(ProjectConfigurationPlatforms) = postSolution
		{24461C5B-DED6-4009-BFE7-2D01DC44FDE9}.Debug|Any CPU.ActiveCfg = Debug|Any CPU
		{24461C5B-DED6-4009-BFE7-2D01DC44FDE9}.Debug|Any CPU.Build.0 = Debug|Any CPU
		{24461C5B-DED6-4009-BFE7-2D01DC44FDE9}.Release|Any CPU.ActiveCfg = Release|Any CPU
		{24461C5B-DED6-4009-BFE7-2D01DC44FDE9}.Release|Any CPU.Build.0 = Release|Any CPU
		{5A9DB3F6-4449-4B8D-B8C4-E8B8A1951182}.Debug|Any CPU.ActiveCfg = Debug|Any CPU
		{5A9DB3F6-4449-4B8D-B8C4-E8B8A1951182}.Debug|Any CPU.Build.0 = Debug|Any CPU
		{5A9DB3F6-4449-4B8D-B8C4-E8B8A1951182}.Release|Any CPU.ActiveCfg = Release|Any CPU
		{5A9DB3F6-4449-4B8D-B8C4-E8B8A1951182}.Release|Any CPU.Build.0 = Release|Any CPU
	EndGlobalSection
	GlobalSection(SolutionProperties) = preSolution
		HideSolutionNode = FALSE
	EndGlobalSection
	GlobalSection(ExtensibilityGlobals) = postSolution
		SolutionGuid = {BC6B815E-A33A-4F9B-B20E-EEB0A1A40B49}
	EndGlobalSection
EndGlobal
